{
  "nodes": {
    "frametop": {
      "flake": false,
      "locked": {
        "lastModified": 1791240843,
        "narHash": "sha256-8yzIjoZG0uF6weM2hBn2c8sN4m2UNzbCzFbfdwbf9YU=",
        "owner": "DeeJanuz",
        "repo": "frametop",
        "rev": "0821b1013eb5b790ddaeaffd46cd86ffb6c49ea1",
        "type": "github"
      },
      "original": {
        "owner": "DeeJanuz",
        "repo": "frametop",
        "type": "github"
      }
    },
    "nixpkgs": {
      "locked": {
        "lastModified": 1790822859,
        "narHash": "sha256-69xHQhAeMAD2wDXO7T2pcOZIF9Sga2W+JkmY2a11Ops=",
        "owner": "NixOS",
        "repo": "nixpkgs",
        "rev": "c59305bab2065cfecc4944690d9eedbb56f3a9fa",
        "type": "github"
      },
      "original": {
        "owner": "NixOS",
        "ref": "nixos-unstable",
        "repo": "nixpkgs",
        "type": "github"
      }
    },
    "root": {
      "inputs": {
        "frametop": "frametop",
        "nixpkgs": "nixpkgs"
      }
    }
  },
  "root": "root",
  "version": 7
}
