{
  "nodes": {
    "frametop": {
      "flake": false,
      "locked": {
        "lastModified": 1791314802,
        "narHash": "sha256-ZH677Iqij3M8Xgz4Cpk6K6pTy7kR9XGyjxBWE+enPjo=",
        "owner": "DeeJanuz",
        "repo": "frametop",
        "rev": "9b11162b614bcd0d2f5b8bc4534f9c039ed23224",
        "type": "github"
      },
      "original": {
        "owner": "DeeJanuz",
        "ref": "experimental",
        "repo": "frametop",
        "type": "github"
      }
    },
    "nixpkgs": {
      "locked": {
        "lastModified": 1790822859,
        "narHash": "sha256-69xHQhAeMAD2wDXO7T2pcOZIF9Sga2W+JkmY2a11Ops=",
        "owner": "NixOS",
        "repo": "nixpkgs",
        "rev": "c59305bab2065cfecc4944690d9eedbb56f3a9fa",
        "type": "github"
      },
      "original": {
        "owner": "NixOS",
        "ref": "nixos-unstable",
        "repo": "nixpkgs",
        "type": "github"
      }
    },
    "root": {
      "inputs": {
        "frametop": "frametop",
        "nixpkgs": "nixpkgs"
      }
    }
  },
  "root": "root",
  "version": 7
}
