{
  "nodes": {
    "frametop": {
      "flake": false,
      "locked": {
        "lastModified": 1791165012,
        "narHash": "sha256-XHb97TadTwivg9j8XKbhSrCDpla3WrvHefLDSMSwvZc=",
        "owner": "DeeJanuz",
        "repo": "frametop",
        "rev": "ca9492be000a24f8e539607a02ee5d12f41801a6",
        "type": "github"
      },
      "original": {
        "owner": "DeeJanuz",
        "repo": "frametop",
        "type": "github"
      }
    },
    "nixpkgs": {
      "locked": {
        "lastModified": 1791048980,
        "narHash": "sha256-KgItSKML8Xvte0B7/uGnBDsYzSnnKHcOaiUbgWBXLXw=",
        "owner": "NixOS",
        "repo": "nixpkgs",
        "rev": "a7868a727837f3c09cee2ce0ca671c76b1589fed",
        "type": "github"
      },
      "original": {
        "owner": "NixOS",
        "ref": "nixos-unstable",
        "repo": "nixpkgs",
        "type": "github"
      }
    },
    "root": {
      "inputs": {
        "frametop": "frametop",
        "nixpkgs": "nixpkgs"
      }
    }
  },
  "root": "root",
  "version": 7
}
